
Microsoft Visual Studio Solution File, Format Version 12.00
# Visual Studio 15
VisualStudioVersion = 15.0.28307.645
MinimumVisualStudioVersion = 10.0.40219.1
Project("{FAE04EC0-301F-11D3-BF4B-00C04F79EFBC}") = "Praktica 3-7", "Praktica 3-7\Praktica 3-7.csproj", "{3CBA96BA-D049-4531-B282-F1C7B8323E9C}"
EndProject
Global
	GlobalSection(SolutionConfigurationPlatforms) = preSolution
		Debug|Any CPU = Debug|Any CPU
		Release|Any CPU = Release|Any CPU
	EndGlobalSection
	GlobalSection(ProjectConfigurationPlatforms) = postSolution
		{3CBA96BA-D049-4531-B282-F1C7B8323E9C}.Debug|Any CPU.ActiveCfg = Debug|Any CPU
		{3CBA96BA-D049-4531-B282-F1C7B8323E9C}.Debug|Any CPU.Build.0 = Debug|Any CPU
		{3CBA96BA-D049-4531-B282-F1C7B8323E9C}.Release|Any CPU.ActiveCfg = Release|Any CPU
		{3CBA96BA-D049-4531-B282-F1C7B8323E9C}.Release|Any CPU.Build.0 = Release|Any CPU
	EndGlobalSection
	GlobalSection(SolutionProperties) = preSolution
		HideSolutionNode = FALSE
	EndGlobalSection
	GlobalSection(ExtensibilityGlobals) = postSolution
		SolutionGuid = {917EEB45-3FFF-4AB6-8C3D-FE047B0C85C9}
	EndGlobalSection
EndGlobal
